
Microsoft Visual Studio Solution File, Format Version 12.00
Project("{FAE04EC0-301F-11D3-BF4B-00C04F79EFBC}") = "Dependency", "Dependency.csproj", "{F64F78F1-C232-4465-9F40-849E167C4919}"
EndProject
Global
	GlobalSection(SolutionConfigurationPlatforms) = preSolution
		Debug|Any CPU = Debug|Any CPU
		Release|Any CPU = Release|Any CPU
	EndGlobalSection
	GlobalSection(ProjectConfigurationPlatforms) = postSolution
		{F64F78F1-C232-4465-9F40-849E167C4919}.Debug|Any CPU.ActiveCfg = Debug|Any CPU
		{F64F78F1-C232-4465-9F40-849E167C4919}.Debug|Any CPU.Build.0 = Debug|Any CPU
		{F64F78F1-C232-4465-9F40-849E167C4919}.Release|Any CPU.ActiveCfg = Release|Any CPU
		{F64F78F1-C232-4465-9F40-849E167C4919}.Release|Any CPU.Build.0 = Release|Any CPU
	EndGlobalSection
EndGlobal
